
Microsoft Visual Studio Solution File, Format Version 12.00
# Visual Studio Version 16
VisualStudioVersion = 16.0.31624.102
MinimumVisualStudioVersion = 10.0.40219.1
Project("{FAE04EC0-301F-11D3-BF4B-00C04F79EFBC}") = "CounterTest", "CounterTest.csproj", "{C40568D2-3D38-4549-B80C-CEF2DD03F876}"
EndProject
Global
	GlobalSection(SolutionConfigurationPlatforms) = preSolution
		Debug|Any CPU = Debug|Any CPU
		Release|Any CPU = Release|Any CPU
	EndGlobalSection
	GlobalSection(ProjectConfigurationPlatforms) = postSolution
		{C40568D2-3D38-4549-B80C-CEF2DD03F876}.Debug|Any CPU.ActiveCfg = Debug|Any CPU
		{C40568D2-3D38-4549-B80C-CEF2DD03F876}.Debug|Any CPU.Build.0 = Debug|Any CPU
		{C40568D2-3D38-4549-B80C-CEF2DD03F876}.Release|Any CPU.ActiveCfg = Release|Any CPU
		{C40568D2-3D38-4549-B80C-CEF2DD03F876}.Release|Any CPU.Build.0 = Release|Any CPU
	EndGlobalSection
	GlobalSection(SolutionProperties) = preSolution
		HideSolutionNode = FALSE
	EndGlobalSection
	GlobalSection(ExtensibilityGlobals) = postSolution
		SolutionGuid = {D13AB2BE-7A03-4CE9-86FB-68D01F96E1C5}
	EndGlobalSection
EndGlobal
