
Microsoft Visual Studio Solution File, Format Version 12.00
# Visual Studio Version 16
VisualStudioVersion = 16.0.31624.102
MinimumVisualStudioVersion = 10.0.40219.1
Project("{9A19103F-16F7-4668-BE54-9A1E7A4F7556}") = "ShapeDrawer", "ShapeDrawer.csproj", "{79D88BD4-B1C2-41A8-8E15-1A740979D517}"
EndProject
Global
	GlobalSection(SolutionConfigurationPlatforms) = preSolution
		Debug|Any CPU = Debug|Any CPU
		Release|Any CPU = Release|Any CPU
	EndGlobalSection
	GlobalSection(ProjectConfigurationPlatforms) = postSolution
		{79D88BD4-B1C2-41A8-8E15-1A740979D517}.Debug|Any CPU.ActiveCfg = Debug|Any CPU
		{79D88BD4-B1C2-41A8-8E15-1A740979D517}.Debug|Any CPU.Build.0 = Debug|Any CPU
		{79D88BD4-B1C2-41A8-8E15-1A740979D517}.Release|Any CPU.ActiveCfg = Release|Any CPU
		{79D88BD4-B1C2-41A8-8E15-1A740979D517}.Release|Any CPU.Build.0 = Release|Any CPU
	EndGlobalSection
	GlobalSection(SolutionProperties) = preSolution
		HideSolutionNode = FALSE
	EndGlobalSection
	GlobalSection(ExtensibilityGlobals) = postSolution
		SolutionGuid = {DA21AFBE-F8BF-47F3-AF6E-DE3EDDE0E646}
	EndGlobalSection
EndGlobal
